Microsoft Visual Studio Solution File, Format Version 12.00
# Visual Studio Version 17
VisualStudioVersion = 17.5.2.0
MinimumVisualStudioVersion = 10.0.40219.1
Project("{FAE04EC0-301F-11D3-BF4B-00C04F79EFBC}") = "NoticiasProvaIci", "NoticiasProvaIci\NoticiasProvaIci.csproj", "{DD2DEF3D-7EC7-AE1A-165A-2B56E8016AAD}"
EndProject
Global
	GlobalSection(SolutionConfigurationPlatforms) = preSolution
		Debug|Any CPU = Debug|Any CPU
		Release|Any CPU = Release|Any CPU
	EndGlobalSection
	GlobalSection(ProjectConfigurationPlatforms) = postSolution
		{DD2DEF3D-7EC7-AE1A-165A-2B56E8016AAD}.Debug|Any CPU.ActiveCfg = Debug|Any CPU
		{DD2DEF3D-7EC7-AE1A-165A-2B56E8016AAD}.Debug|Any CPU.Build.0 = Debug|Any CPU
		{DD2DEF3D-7EC7-AE1A-165A-2B56E8016AAD}.Release|Any CPU.ActiveCfg = Release|Any CPU
		{DD2DEF3D-7EC7-AE1A-165A-2B56E8016AAD}.Release|Any CPU.Build.0 = Release|Any CPU
	EndGlobalSection
	GlobalSection(SolutionProperties) = preSolution
		HideSolutionNode = FALSE
	EndGlobalSection
	GlobalSection(ExtensibilityGlobals) = postSolution
		SolutionGuid = {34CD0B23-70F7-47C7-B8D7-5A0D8263114A}
	EndGlobalSection
EndGlobal
